
Microsoft Visual Studio Solution File, Format Version 12.00
# Visual Studio Version 16
VisualStudioVersion = 16.0.28917.181
MinimumVisualStudioVersion = 10.0.40219.1
Project("{9A19103F-16F7-4668-BE54-9A1E7A4F7556}") = "ToyRobotSimulator", "ToyRobotSimulator\ToyRobotSimulator.csproj", "{03FFE32C-508B-47A5-809C-85E0AAA18561}"
EndProject
Project("{FAE04EC0-301F-11D3-BF4B-00C04F79EFBC}") = "ToyRobotSimulator.Test", "ToyRobotSimulator.Test\ToyRobotSimulator.Test.csproj", "{EB526FA8-2487-495A-98BC-5D528DA3D09A}"
EndProject
Global
	GlobalSection(SolutionConfigurationPlatforms) = preSolution
		Debug|Any CPU = Debug|Any CPU
		Release|Any CPU = Release|Any CPU
	EndGlobalSection
	GlobalSection(ProjectConfigurationPlatforms) = postSolution
		{03FFE32C-508B-47A5-809C-85E0AAA18561}.Debug|Any CPU.ActiveCfg = Debug|Any CPU
		{03FFE32C-508B-47A5-809C-85E0AAA18561}.Debug|Any CPU.Build.0 = Debug|Any CPU
		{03FFE32C-508B-47A5-809C-85E0AAA18561}.Release|Any CPU.ActiveCfg = Release|Any CPU
		{03FFE32C-508B-47A5-809C-85E0AAA18561}.Release|Any CPU.Build.0 = Release|Any CPU
		{EB526FA8-2487-495A-98BC-5D528DA3D09A}.Debug|Any CPU.ActiveCfg = Debug|Any CPU
		{EB526FA8-2487-495A-98BC-5D528DA3D09A}.Debug|Any CPU.Build.0 = Debug|Any CPU
		{EB526FA8-2487-495A-98BC-5D528DA3D09A}.Release|Any CPU.ActiveCfg = Release|Any CPU
		{EB526FA8-2487-495A-98BC-5D528DA3D09A}.Release|Any CPU.Build.0 = Release|Any CPU
	EndGlobalSection
	GlobalSection(SolutionProperties) = preSolution
		HideSolutionNode = FALSE
	EndGlobalSection
	GlobalSection(ExtensibilityGlobals) = postSolution
		SolutionGuid = {63DF9E8D-746E-4F2A-A4A3-1999284131EF}
	EndGlobalSection
EndGlobal
